
Microsoft Visual Studio Solution File, Format Version 12.00
# Visual Studio Version 17
VisualStudioVersion = 17.14.36414.22 d17.14
MinimumVisualStudioVersion = 10.0.40219.1
Project("{FAE04EC0-301F-11D3-BF4B-00C04F79EFBC}") = "PDPDay9CodeFirst", "PDPDay9CodeFirst\PDPDay9CodeFirst.csproj", "{4DE7DA4C-5E43-4C29-9D38-6C34D316969E}"
EndProject
Global
	GlobalSection(SolutionConfigurationPlatforms) = preSolution
		Debug|Any CPU = Debug|Any CPU
		Release|Any CPU = Release|Any CPU
	EndGlobalSection
	GlobalSection(ProjectConfigurationPlatforms) = postSolution
		{4DE7DA4C-5E43-4C29-9D38-6C34D316969E}.Debug|Any CPU.ActiveCfg = Debug|Any CPU
		{4DE7DA4C-5E43-4C29-9D38-6C34D316969E}.Debug|Any CPU.Build.0 = Debug|Any CPU
		{4DE7DA4C-5E43-4C29-9D38-6C34D316969E}.Release|Any CPU.ActiveCfg = Release|Any CPU
		{4DE7DA4C-5E43-4C29-9D38-6C34D316969E}.Release|Any CPU.Build.0 = Release|Any CPU
	EndGlobalSection
	GlobalSection(SolutionProperties) = preSolution
		HideSolutionNode = FALSE
	EndGlobalSection
	GlobalSection(ExtensibilityGlobals) = postSolution
		SolutionGuid = {13C26188-8B0D-4A4D-98EC-00F27BF72DD1}
	EndGlobalSection
EndGlobal
